
Microsoft Visual Studio Solution File, Format Version 12.00
# Visual Studio Version 17
VisualStudioVersion = 17.8.34322.80
MinimumVisualStudioVersion = 10.0.40219.1
Project("{FAE04EC0-301F-11D3-BF4B-00C04F79EFBC}") = "implementation", "implementation\implementation.csproj", "{BB6116C6-9C25-475A-92AE-96C008879707}"
EndProject
Project("{FAE04EC0-301F-11D3-BF4B-00C04F79EFBC}") = "FigureLibrary", "FigureLibrary\FigureLibrary.csproj", "{FD1881DE-E24C-4E12-A608-12A64CBD7F16}"
EndProject
Global
	GlobalSection(SolutionConfigurationPlatforms) = preSolution
		Debug|Any CPU = Debug|Any CPU
		Release|Any CPU = Release|Any CPU
	EndGlobalSection
	GlobalSection(ProjectConfigurationPlatforms) = postSolution
		{BB6116C6-9C25-475A-92AE-96C008879707}.Debug|Any CPU.ActiveCfg = Debug|Any CPU
		{BB6116C6-9C25-475A-92AE-96C008879707}.Debug|Any CPU.Build.0 = Debug|Any CPU
		{BB6116C6-9C25-475A-92AE-96C008879707}.Release|Any CPU.ActiveCfg = Release|Any CPU
		{BB6116C6-9C25-475A-92AE-96C008879707}.Release|Any CPU.Build.0 = Release|Any CPU
		{FD1881DE-E24C-4E12-A608-12A64CBD7F16}.Debug|Any CPU.ActiveCfg = Debug|Any CPU
		{FD1881DE-E24C-4E12-A608-12A64CBD7F16}.Debug|Any CPU.Build.0 = Debug|Any CPU
		{FD1881DE-E24C-4E12-A608-12A64CBD7F16}.Release|Any CPU.ActiveCfg = Release|Any CPU
		{FD1881DE-E24C-4E12-A608-12A64CBD7F16}.Release|Any CPU.Build.0 = Release|Any CPU
	EndGlobalSection
	GlobalSection(SolutionProperties) = preSolution
		HideSolutionNode = FALSE
	EndGlobalSection
	GlobalSection(ExtensibilityGlobals) = postSolution
		SolutionGuid = {5206CEA0-D4EE-4A87-9211-E1D2A210573A}
	EndGlobalSection
EndGlobal
